
Microsoft Visual Studio Solution File, Format Version 12.00
# Visual Studio Version 17
VisualStudioVersion = 17.14.36109.1 d17.14
MinimumVisualStudioVersion = 10.0.40219.1
Project("{FAE04EC0-301F-11D3-BF4B-00C04F79EFBC}") = "CityVoice", "CityVoice.csproj", "{A21CAFD0-7A91-4350-AE13-7E134271503A}"
EndProject
Global
	GlobalSection(SolutionConfigurationPlatforms) = preSolution
		Debug|Any CPU = Debug|Any CPU
		Release|Any CPU = Release|Any CPU
	EndGlobalSection
	GlobalSection(ProjectConfigurationPlatforms) = postSolution
		{A21CAFD0-7A91-4350-AE13-7E134271503A}.Debug|Any CPU.ActiveCfg = Debug|Any CPU
		{A21CAFD0-7A91-4350-AE13-7E134271503A}.Debug|Any CPU.Build.0 = Debug|Any CPU
		{A21CAFD0-7A91-4350-AE13-7E134271503A}.Release|Any CPU.ActiveCfg = Release|Any CPU
		{A21CAFD0-7A91-4350-AE13-7E134271503A}.Release|Any CPU.Build.0 = Release|Any CPU
	EndGlobalSection
	GlobalSection(SolutionProperties) = preSolution
		HideSolutionNode = FALSE
	EndGlobalSection
	GlobalSection(ExtensibilityGlobals) = postSolution
		SolutionGuid = {92A32DE2-5853-4A07-889B-77C3F1203ED6}
	EndGlobalSection
EndGlobal
